
Microsoft Visual Studio Solution File, Format Version 12.00
# Visual Studio Version 17
VisualStudioVersion = 17.10.35013.160
MinimumVisualStudioVersion = 10.0.40219.1
Project("{8BC9CEB8-8B4A-11D0-8D11-00A0C91BC942}") = "Inheritance", "Inheritance\Inheritance.vcxproj", "{85ABB9AB-06DE-497F-B08D-92C7B64457FE}"
EndProject
Project("{8BC9CEB8-8B4A-11D0-8D11-00A0C91BC942}") = "Academy", "Academy\Academy.vcxproj", "{D24A7995-5395-4EEA-8E14-AFCF06C8EE3A}"
EndProject
Project("{8BC9CEB8-8B4A-11D0-8D11-00A0C91BC942}") = "Files", "Files\Files.vcxproj", "{CE176AA2-7A31-4B9A-A407-32A83BE9C32D}"
EndProject
Global
	GlobalSection(SolutionConfigurationPlatforms) = preSolution
		Debug|x64 = Debug|x64
		Debug|x86 = Debug|x86
		Release|x64 = Release|x64
		Release|x86 = Release|x86
	EndGlobalSection
	GlobalSection(ProjectConfigurationPlatforms) = postSolution
		{85ABB9AB-06DE-497F-B08D-92C7B64457FE}.Debug|x64.ActiveCfg = Debug|x64
		{85ABB9AB-06DE-497F-B08D-92C7B64457FE}.Debug|x64.Build.0 = Debug|x64
		{85ABB9AB-06DE-497F-B08D-92C7B64457FE}.Debug|x86.ActiveCfg = Debug|Win32
		{85ABB9AB-06DE-497F-B08D-92C7B64457FE}.Debug|x86.Build.0 = Debug|Win32
		{85ABB9AB-06DE-497F-B08D-92C7B64457FE}.Release|x64.ActiveCfg = Release|x64
		{85ABB9AB-06DE-497F-B08D-92C7B64457FE}.Release|x64.Build.0 = Release|x64
		{85ABB9AB-06DE-497F-B08D-92C7B64457FE}.Release|x86.ActiveCfg = Release|Win32
		{85ABB9AB-06DE-497F-B08D-92C7B64457FE}.Release|x86.Build.0 = Release|Win32
		{D24A7995-5395-4EEA-8E14-AFCF06C8EE3A}.Debug|x64.ActiveCfg = Debug|x64
		{D24A7995-5395-4EEA-8E14-AFCF06C8EE3A}.Debug|x64.Build.0 = Debug|x64
		{D24A7995-5395-4EEA-8E14-AFCF06C8EE3A}.Debug|x86.ActiveCfg = Debug|Win32
		{D24A7995-5395-4EEA-8E14-AFCF06C8EE3A}.Debug|x86.Build.0 = Debug|Win32
		{D24A7995-5395-4EEA-8E14-AFCF06C8EE3A}.Release|x64.ActiveCfg = Release|x64
		{D24A7995-5395-4EEA-8E14-AFCF06C8EE3A}.Release|x64.Build.0 = Release|x64
		{D24A7995-5395-4EEA-8E14-AFCF06C8EE3A}.Release|x86.ActiveCfg = Release|Win32
		{D24A7995-5395-4EEA-8E14-AFCF06C8EE3A}.Release|x86.Build.0 = Release|Win32
		{CE176AA2-7A31-4B9A-A407-32A83BE9C32D}.Debug|x64.ActiveCfg = Debug|x64
		{CE176AA2-7A31-4B9A-A407-32A83BE9C32D}.Debug|x64.Build.0 = Debug|x64
		{CE176AA2-7A31-4B9A-A407-32A83BE9C32D}.Debug|x86.ActiveCfg = Debug|Win32
		{CE176AA2-7A31-4B9A-A407-32A83BE9C32D}.Debug|x86.Build.0 = Debug|Win32
		{CE176AA2-7A31-4B9A-A407-32A83BE9C32D}.Release|x64.ActiveCfg = Release|x64
		{CE176AA2-7A31-4B9A-A407-32A83BE9C32D}.Release|x64.Build.0 = Release|x64
		{CE176AA2-7A31-4B9A-A407-32A83BE9C32D}.Release|x86.ActiveCfg = Release|Win32
		{CE176AA2-7A31-4B9A-A407-32A83BE9C32D}.Release|x86.Build.0 = Release|Win32
	EndGlobalSection
	GlobalSection(SolutionProperties) = preSolution
		HideSolutionNode = FALSE
	EndGlobalSection
	GlobalSection(ExtensibilityGlobals) = postSolution
		SolutionGuid = {472EAD2A-0D60-4E2D-9F4D-294DE89D98E2}
	EndGlobalSection
EndGlobal
